
Microsoft Visual Studio Solution File, Format Version 12.00
# Visual Studio Version 16
VisualStudioVersion = 16.0.30804.86
MinimumVisualStudioVersion = 10.0.40219.1
Project("{2150E333-8FDC-42A3-9474-1A3956D46DE8}") = "test", "test", "{193F731A-A3DE-4DDC-842C-56AFA5D2B8F5}"
EndProject
Project("{9A19103F-16F7-4668-BE54-9A1E7A4F7556}") = "Modulight.UI.Blazor", "src\Modulight.UI.Blazor\Modulight.UI.Blazor.csproj", "{D1B849A0-31DD-45BC-A89D-DC68E500B928}"
EndProject
Project("{9A19103F-16F7-4668-BE54-9A1E7A4F7556}") = "Modulight.UI.Blazor.Hosting", "src\Modulight.UI.Blazor.Hosting\Modulight.UI.Blazor.Hosting.csproj", "{B7C6927F-DF6E-42F0-8220-4EE93E763D7E}"
EndProject
Project("{9A19103F-16F7-4668-BE54-9A1E7A4F7556}") = "Test.UI.Clean", "test\Test.UI.Clean\Test.UI.Clean.csproj", "{F9493A51-1577-484A-8165-AC1203E54ED3}"
EndProject
Global
	GlobalSection(SolutionConfigurationPlatforms) = preSolution
		Debug|Any CPU = Debug|Any CPU
		Debug|x64 = Debug|x64
		Debug|x86 = Debug|x86
		Release|Any CPU = Release|Any CPU
		Release|x64 = Release|x64
		Release|x86 = Release|x86
	EndGlobalSection
	GlobalSection(ProjectConfigurationPlatforms) = postSolution
		{D1B849A0-31DD-45BC-A89D-DC68E500B928}.Debug|Any CPU.ActiveCfg = Debug|Any CPU
		{D1B849A0-31DD-45BC-A89D-DC68E500B928}.Debug|Any CPU.Build.0 = Debug|Any CPU
		{D1B849A0-31DD-45BC-A89D-DC68E500B928}.Debug|x64.ActiveCfg = Debug|Any CPU
		{D1B849A0-31DD-45BC-A89D-DC68E500B928}.Debug|x64.Build.0 = Debug|Any CPU
		{D1B849A0-31DD-45BC-A89D-DC68E500B928}.Debug|x86.ActiveCfg = Debug|Any CPU
		{D1B849A0-31DD-45BC-A89D-DC68E500B928}.Debug|x86.Build.0 = Debug|Any CPU
		{D1B849A0-31DD-45BC-A89D-DC68E500B928}.Release|Any CPU.ActiveCfg = Release|Any CPU
		{D1B849A0-31DD-45BC-A89D-DC68E500B928}.Release|Any CPU.Build.0 = Release|Any CPU
		{D1B849A0-31DD-45BC-A89D-DC68E500B928}.Release|x64.ActiveCfg = Release|Any CPU
		{D1B849A0-31DD-45BC-A89D-DC68E500B928}.Release|x64.Build.0 = Release|Any CPU
		{D1B849A0-31DD-45BC-A89D-DC68E500B928}.Release|x86.ActiveCfg = Release|Any CPU
		{D1B849A0-31DD-45BC-A89D-DC68E500B928}.Release|x86.Build.0 = Release|Any CPU
		{B7C6927F-DF6E-42F0-8220-4EE93E763D7E}.Debug|Any CPU.ActiveCfg = Debug|Any CPU
		{B7C6927F-DF6E-42F0-8220-4EE93E763D7E}.Debug|Any CPU.Build.0 = Debug|Any CPU
		{B7C6927F-DF6E-42F0-8220-4EE93E763D7E}.Debug|x64.ActiveCfg = Debug|Any CPU
		{B7C6927F-DF6E-42F0-8220-4EE93E763D7E}.Debug|x64.Build.0 = Debug|Any CPU
		{B7C6927F-DF6E-42F0-8220-4EE93E763D7E}.Debug|x86.ActiveCfg = Debug|Any CPU
		{B7C6927F-DF6E-42F0-8220-4EE93E763D7E}.Debug|x86.Build.0 = Debug|Any CPU
		{B7C6927F-DF6E-42F0-8220-4EE93E763D7E}.Release|Any CPU.ActiveCfg = Release|Any CPU
		{B7C6927F-DF6E-42F0-8220-4EE93E763D7E}.Release|Any CPU.Build.0 = Release|Any CPU
		{B7C6927F-DF6E-42F0-8220-4EE93E763D7E}.Release|x64.ActiveCfg = Release|Any CPU
		{B7C6927F-DF6E-42F0-8220-4EE93E763D7E}.Release|x64.Build.0 = Release|Any CPU
		{B7C6927F-DF6E-42F0-8220-4EE93E763D7E}.Release|x86.ActiveCfg = Release|Any CPU
		{B7C6927F-DF6E-42F0-8220-4EE93E763D7E}.Release|x86.Build.0 = Release|Any CPU
		{F9493A51-1577-484A-8165-AC1203E54ED3}.Debug|Any CPU.ActiveCfg = Debug|Any CPU
		{F9493A51-1577-484A-8165-AC1203E54ED3}.Debug|Any CPU.Build.0 = Debug|Any CPU
		{F9493A51-1577-484A-8165-AC1203E54ED3}.Debug|x64.ActiveCfg = Debug|Any CPU
		{F9493A51-1577-484A-8165-AC1203E54ED3}.Debug|x64.Build.0 = Debug|Any CPU
		{F9493A51-1577-484A-8165-AC1203E54ED3}.Debug|x86.ActiveCfg = Debug|Any CPU
		{F9493A51-1577-484A-8165-AC1203E54ED3}.Debug|x86.Build.0 = Debug|Any CPU
		{F9493A51-1577-484A-8165-AC1203E54ED3}.Release|Any CPU.ActiveCfg = Release|Any CPU
		{F9493A51-1577-484A-8165-AC1203E54ED3}.Release|Any CPU.Build.0 = Release|Any CPU
		{F9493A51-1577-484A-8165-AC1203E54ED3}.Release|x64.ActiveCfg = Release|Any CPU
		{F9493A51-1577-484A-8165-AC1203E54ED3}.Release|x64.Build.0 = Release|Any CPU
		{F9493A51-1577-484A-8165-AC1203E54ED3}.Release|x86.ActiveCfg = Release|Any CPU
		{F9493A51-1577-484A-8165-AC1203E54ED3}.Release|x86.Build.0 = Release|Any CPU
	EndGlobalSection
	GlobalSection(SolutionProperties) = preSolution
		HideSolutionNode = FALSE
	EndGlobalSection
	GlobalSection(NestedProjects) = preSolution
		{F9493A51-1577-484A-8165-AC1203E54ED3} = {193F731A-A3DE-4DDC-842C-56AFA5D2B8F5}
	EndGlobalSection
	GlobalSection(ExtensibilityGlobals) = postSolution
		SolutionGuid = {98F4A001-F8D2-4F67-9C6E-8AC3C64E45A4}
	EndGlobalSection
EndGlobal
